
Microsoft Visual Studio Solution File, Format Version 12.00
# Visual Studio Version 17
VisualStudioVersion = 17.14.36408.4 d17.14
MinimumVisualStudioVersion = 10.0.40219.1
Project("{FAE04EC0-301F-11D3-BF4B-00C04F79EFBC}") = "clinte", "clinte\clinte.csproj", "{C1B593C6-09EE-43C6-BB3C-D6139490957F}"
EndProject
Global
	GlobalSection(SolutionConfigurationPlatforms) = preSolution
		Debug|Any CPU = Debug|Any CPU
		Release|Any CPU = Release|Any CPU
	EndGlobalSection
	GlobalSection(ProjectConfigurationPlatforms) = postSolution
		{C1B593C6-09EE-43C6-BB3C-D6139490957F}.Debug|Any CPU.ActiveCfg = Debug|Any CPU
		{C1B593C6-09EE-43C6-BB3C-D6139490957F}.Debug|Any CPU.Build.0 = Debug|Any CPU
		{C1B593C6-09EE-43C6-BB3C-D6139490957F}.Release|Any CPU.ActiveCfg = Release|Any CPU
		{C1B593C6-09EE-43C6-BB3C-D6139490957F}.Release|Any CPU.Build.0 = Release|Any CPU
	EndGlobalSection
	GlobalSection(SolutionProperties) = preSolution
		HideSolutionNode = FALSE
	EndGlobalSection
	GlobalSection(ExtensibilityGlobals) = postSolution
		SolutionGuid = {0740AD73-B227-4B70-B6DB-67F0EC74AE86}
	EndGlobalSection
EndGlobal
